
Microsoft Visual Studio Solution File, Format Version 12.00
# Visual Studio Version 16
VisualStudioVersion = 16.0.30907.101
MinimumVisualStudioVersion = 10.0.40219.1
Project("{9A19103F-16F7-4668-BE54-9A1E7A4F7556}") = "SocialNetwork", "SocialNetwork\SocialNetwork.csproj", "{76E211E3-9A03-4464-866C-CB42F402C2EE}"
EndProject
Project("{FAE04EC0-301F-11D3-BF4B-00C04F79EFBC}") = "SocialNetwork.Tests", "SocialNetwork.Tests\SocialNetwork.Tests.csproj", "{60F63DB1-F1DF-4061-AF1B-CADD154F57D5}"
EndProject
Global
	GlobalSection(SolutionConfigurationPlatforms) = preSolution
		Debug|Any CPU = Debug|Any CPU
		Release|Any CPU = Release|Any CPU
	EndGlobalSection
	GlobalSection(ProjectConfigurationPlatforms) = postSolution
		{76E211E3-9A03-4464-866C-CB42F402C2EE}.Debug|Any CPU.ActiveCfg = Debug|Any CPU
		{76E211E3-9A03-4464-866C-CB42F402C2EE}.Debug|Any CPU.Build.0 = Debug|Any CPU
		{76E211E3-9A03-4464-866C-CB42F402C2EE}.Release|Any CPU.ActiveCfg = Release|Any CPU
		{76E211E3-9A03-4464-866C-CB42F402C2EE}.Release|Any CPU.Build.0 = Release|Any CPU
		{60F63DB1-F1DF-4061-AF1B-CADD154F57D5}.Debug|Any CPU.ActiveCfg = Debug|Any CPU
		{60F63DB1-F1DF-4061-AF1B-CADD154F57D5}.Debug|Any CPU.Build.0 = Debug|Any CPU
		{60F63DB1-F1DF-4061-AF1B-CADD154F57D5}.Release|Any CPU.ActiveCfg = Release|Any CPU
		{60F63DB1-F1DF-4061-AF1B-CADD154F57D5}.Release|Any CPU.Build.0 = Release|Any CPU
	EndGlobalSection
	GlobalSection(SolutionProperties) = preSolution
		HideSolutionNode = FALSE
	EndGlobalSection
	GlobalSection(ExtensibilityGlobals) = postSolution
		SolutionGuid = {91361263-A32A-4A50-8155-281B83E5AFEC}
	EndGlobalSection
EndGlobal
